
Microsoft Visual Studio Solution File, Format Version 12.00
# Visual Studio 15
VisualStudioVersion = 15.0.27428.2002
MinimumVisualStudioVersion = 10.0.40219.1
Project("{8BC9CEB8-8B4A-11D0-8D11-00A0C91BC942}") = "Los_FIlosofos", "Los_FIlosofos\Los_FIlosofos.vcxproj", "{52EF395B-7CE4-4CB3-AB6F-87D9F94FB31F}"
EndProject
Global
	GlobalSection(SolutionConfigurationPlatforms) = preSolution
		Debug|x64 = Debug|x64
		Debug|x86 = Debug|x86
		Release|x64 = Release|x64
		Release|x86 = Release|x86
	EndGlobalSection
	GlobalSection(ProjectConfigurationPlatforms) = postSolution
		{52EF395B-7CE4-4CB3-AB6F-87D9F94FB31F}.Debug|x64.ActiveCfg = Debug|x64
		{52EF395B-7CE4-4CB3-AB6F-87D9F94FB31F}.Debug|x64.Build.0 = Debug|x64
		{52EF395B-7CE4-4CB3-AB6F-87D9F94FB31F}.Debug|x86.ActiveCfg = Debug|Win32
		{52EF395B-7CE4-4CB3-AB6F-87D9F94FB31F}.Debug|x86.Build.0 = Debug|Win32
		{52EF395B-7CE4-4CB3-AB6F-87D9F94FB31F}.Release|x64.ActiveCfg = Release|x64
		{52EF395B-7CE4-4CB3-AB6F-87D9F94FB31F}.Release|x64.Build.0 = Release|x64
		{52EF395B-7CE4-4CB3-AB6F-87D9F94FB31F}.Release|x86.ActiveCfg = Release|Win32
		{52EF395B-7CE4-4CB3-AB6F-87D9F94FB31F}.Release|x86.Build.0 = Release|Win32
	EndGlobalSection
	GlobalSection(SolutionProperties) = preSolution
		HideSolutionNode = FALSE
	EndGlobalSection
	GlobalSection(ExtensibilityGlobals) = postSolution
		SolutionGuid = {89DA346C-0F42-491E-84E0-14102A38C2AA}
	EndGlobalSection
EndGlobal
